
Microsoft Visual Studio Solution File, Format Version 12.00
# Visual Studio Version 16
VisualStudioVersion = 16.0.28803.452
MinimumVisualStudioVersion = 10.0.40219.1
Project("{FAE04EC0-301F-11D3-BF4B-00C04F79EFBC}") = "Listview", "Listview\Listview.csproj", "{4CA97379-3840-4F48-8A84-8EDE6479C088}"
EndProject
Global
	GlobalSection(SolutionConfigurationPlatforms) = preSolution
		Debug|Any CPU = Debug|Any CPU
		Release|Any CPU = Release|Any CPU
	EndGlobalSection
	GlobalSection(ProjectConfigurationPlatforms) = postSolution
		{4CA97379-3840-4F48-8A84-8EDE6479C088}.Debug|Any CPU.ActiveCfg = Debug|Any CPU
		{4CA97379-3840-4F48-8A84-8EDE6479C088}.Debug|Any CPU.Build.0 = Debug|Any CPU
		{4CA97379-3840-4F48-8A84-8EDE6479C088}.Release|Any CPU.ActiveCfg = Release|Any CPU
		{4CA97379-3840-4F48-8A84-8EDE6479C088}.Release|Any CPU.Build.0 = Release|Any CPU
	EndGlobalSection
	GlobalSection(SolutionProperties) = preSolution
		HideSolutionNode = FALSE
	EndGlobalSection
	GlobalSection(ExtensibilityGlobals) = postSolution
		SolutionGuid = {CD81D827-7ACB-430D-96B3-406F976EEA73}
	EndGlobalSection
EndGlobal
